{
  "object": {
    "pins": [
      {
        "package": "Clibcuda",
        "repositoryURL": "https://github.com/theia-ai/Clibcuda.git",
        "state": {
          "branch": "master",
          "revision": "be65ba51fad079fcdc09290903095dbdc17e311c",
          "version": null
        }
      }
    ]
  },
  "version": 1
}
