{
  "object": {
    "pins": [
      {
        "package": "CUDA",
        "repositoryURL": "https://github.com/Slyce-Inc/swift-cuda.git",
        "state": {
          "branch": null,
          "revision": "fc1af55bfb0d1915ad5e2ab98309cab291c1bd7d",
          "version": "1.0.2"
        }
      }
    ]
  },
  "version": 1
}
