{
  "object": {
    "pins": [
      {
        "package": "Clibcuda",
        "repositoryURL": "git@github.com:ilmco/Clibcuda.git",
        "state": {
          "branch": null,
          "revision": "353b1a118831c0710d7c4af5bb0ede7512f2d1c4",
          "version": "9.0.0"
        }
      }
    ]
  },
  "version": 1
}
